// !$*UTF8*$!
{
	archiveVersion = 1;
	classes = {
	};
	objectVersion = 50;
	objects = {

/* Begin PBXBuildFile section */
		1A448EA127343B6A00780B8B /* Tests_iOS.swift in Sources */ = {isa = PBXBuildFile; fileRef = 1A448EA027343B6A00780B8B /* Tests_iOS.swift */; };
		1A448EAC27343B6A00780B8B /* Tests_macOS.swift in Sources */ = {isa = PBXBuildFile; fileRef = 1A448EAB27343B6A00780B8B /* Tests_macOS.swift */; };
		1A448EAE27343B6A00780B8B /* MinesweeperApp.swift in Sources */ = {isa = PBXBuildFile; fileRef = 1A448E8527343B6900780B8B /* MinesweeperApp.swift */; };
		1A448EAF27343B6A00780B8B /* MinesweeperApp.swift in Sources */ = {isa = PBXBuildFile; fileRef = 1A448E8527343B6900780B8B /* MinesweeperApp.swift */; };
		1A448EB027343B6A00780B8B /* ContentView.swift in Sources */ = {isa = PBXBuildFile; fileRef = 1A448E8627343B6900780B8B /* ContentView.swift */; };
		1A448EB127343B6A00780B8B /* ContentView.swift in Sources */ = {isa = PBXBuildFile; fileRef = 1A448E8627343B6900780B8B /* ContentView.swift */; };
		1A448EB227343B6A00780B8B /* Assets.xcassets in Resources */ = {isa = PBXBuildFile; fileRef = 1A448E8727343B6A00780B8B /* Assets.xcassets */; };
		1A448EB327343B6A00780B8B /* Assets.xcassets in Resources */ = {isa = PBXBuildFile; fileRef = 1A448E8727343B6A00780B8B /* Assets.xcassets */; };
/* End PBXBuildFile section */

/* Begin PBXContainerItemProxy section */
		1A448E9D27343B6A00780B8B /* PBXContainerItemProxy */ = {
			isa = PBXContainerItemProxy;
			containerPortal = 1A448E8027343B6900780B8B /* Project object */;
			proxyType = 1;
			remoteGlobalIDString = 1A448E8B27343B6A00780B8B;
			remoteInfo = "Minesweeper (iOS)";
		};
		1A448EA827343B6A00780B8B /* PBXContainerItemProxy */ = {
			isa = PBXContainerItemProxy;
			containerPortal = 1A448E8027343B6900780B8B /* Project object */;
			proxyType = 1;
			remoteGlobalIDString = 1A448E9327343B6A00780B8B;
			remoteInfo = "Minesweeper (macOS)";
		};
/* End PBXContainerItemProxy section */

/* Begin PBXFileReference section */
		1A448E8527343B6900780B8B /* MinesweeperApp.swift */ = {isa = PBXFileReference; lastKnownFileType = sourcecode.swift; path = MinesweeperApp.swift; sourceTree = "<group>"; };
		1A448E8627343B6900780B8B /* ContentView.swift */ = {isa = PBXFileReference; lastKnownFileType = sourcecode.swift; path = ContentView.swift; sourceTree = "<group>"; };
		1A448E8727343B6A00780B8B /* Assets.xcassets */ = {isa = PBXFileReference; lastKnownFileType = folder.assetcatalog; path = Assets.xcassets; sourceTree = "<group>"; };
		1A448E8C27343B6A00780B8B /* Minesweeper.app */ = {isa = PBXFileReference; explicitFileType = wrapper.application; includeInIndex = 0; path = Minesweeper.app; sourceTree = BUILT_PRODUCTS_DIR; };
		1A448E8F27343B6A00780B8B /* Info.plist */ = {isa = PBXFileReference; lastKnownFileType = text.plist.xml; path = Info.plist; sourceTree = "<group>"; };
		1A448E9427343B6A00780B8B /* Minesweeper.app */ = {isa = PBXFileReference; explicitFileType = wrapper.application; includeInIndex = 0; path = Minesweeper.app; sourceTree = BUILT_PRODUCTS_DIR; };
		1A448E9627343B6A00780B8B /* Info.plist */ = {isa = PBXFileReference; lastKnownFileType = text.plist.xml; path = Info.plist; sourceTree = "<group>"; };
		1A448E9727343B6A00780B8B /* macOS.entitlements */ = {isa = PBXFileReference; lastKnownFileType = text.plist.entitlements; path = macOS.entitlements; sourceTree = "<group>"; };
		1A448E9C27343B6A00780B8B /* Tests iOS.xctest */ = {isa = PBXFileReference; explicitFileType = wrapper.cfbundle; includeInIndex = 0; path = "Tests iOS.xctest"; sourceTree = BUILT_PRODUCTS_DIR; };
		1A448EA027343B6A00780B8B /* Tests_iOS.swift */ = {isa = PBXFileReference; lastKnownFileType = sourcecode.swift; path = Tests_iOS.swift; sourceTree = "<group>"; };
		1A448EA227343B6A00780B8B /* Info.plist */ = {isa = PBXFileReference; lastKnownFileType = text.plist.xml; path = Info.plist; sourceTree = "<group>"; };
		1A448EA727343B6A00780B8B /* Tests macOS.xctest */ = {isa = PBXFileReference; explicitFileType = wrapper.cfbundle; includeInIndex = 0; path = "Tests macOS.xctest"; sourceTree = BUILT_PRODUCTS_DIR; };
		1A448EAB27343B6A00780B8B /* Tests_macOS.swift */ = {isa = PBXFileReference; lastKnownFileType = sourcecode.swift; path = Tests_macOS.swift; sourceTree = "<group>"; };
		1A448EAD27343B6A00780B8B /* Info.plist */ = {isa = PBXFileReference; lastKnownFileType = text.plist.xml; path = Info.plist; sourceTree = "<group>"; };
/* End PBXFileReference section */

/* Begin PBXFrameworksBuildPhase section */
		1A448E8927343B6A00780B8B /* Frameworks */ = {
			isa = PBXFrameworksBuildPhase;
			buildActionMask = 2147483647;
			files = (
			);
			runOnlyForDeploymentPostprocessing = 0;
		};
		1A448E9127343B6A00780B8B /* Frameworks */ = {
			isa = PBXFrameworksBuildPhase;
			buildActionMask = 2147483647;
			files = (
			);
			runOnlyForDeploymentPostprocessing = 0;
		};
		1A448E9927343B6A00780B8B /* Frameworks */ = {
			isa = PBXFrameworksBuildPhase;
			buildActionMask = 2147483647;
			files = (
			);
			runOnlyForDeploymentPostprocessing = 0;
		};
		1A448EA427343B6A00780B8B /* Frameworks */ = {
			isa = PBXFrameworksBuildPhase;
			buildActionMask = 2147483647;
			files = (
			);
			runOnlyForDeploymentPostprocessing = 0;
		};
/* End PBXFrameworksBuildPhase section */

/* Begin PBXGroup section */
		1A448E7F27343B6900780B8B = {
			isa = PBXGroup;
			children = (
				1A448E8427343B6900780B8B /* Shared */,
				1A448E8E27343B6A00780B8B /* iOS */,
				1A448E9527343B6A00780B8B /* macOS */,
				1A448E9F27343B6A00780B8B /* Tests iOS */,
				1A448EAA27343B6A00780B8B /* Tests macOS */,
				1A448E8D27343B6A00780B8B /* Products */,
			);
			sourceTree = "<group>";
		};
		1A448E8427343B6900780B8B /* Shared */ = {
			isa = PBXGroup;
			children = (
				1A448E8527343B6900780B8B /* MinesweeperApp.swift */,
				1A448E8627343B6900780B8B /* ContentView.swift */,
				1A448E8727343B6A00780B8B /* Assets.xcassets */,
			);
			path = Shared;
			sourceTree = "<group>";
		};
		1A448E8D27343B6A00780B8B /* Products */ = {
			isa = PBXGroup;
			children = (
				1A448E8C27343B6A00780B8B /* Minesweeper.app */,
				1A448E9427343B6A00780B8B /* Minesweeper.app */,
				1A448E9C27343B6A00780B8B /* Tests iOS.xctest */,
				1A448EA727343B6A00780B8B /* Tests macOS.xctest */,
			);
			name = Products;
			sourceTree = "<group>";
		};
		1A448E8E27343B6A00780B8B /* iOS */ = {
			isa = PBXGroup;
			children = (
				1A448E8F27343B6A00780B8B /* Info.plist */,
			);
			path = iOS;
			sourceTree = "<group>";
		};
		1A448E9527343B6A00780B8B /* macOS */ = {
			isa = PBXGroup;
			children = (
				1A448E9627343B6A00780B8B /* Info.plist */,
				1A448E9727343B6A00780B8B /* macOS.entitlements */,
			);
			path = macOS;
			sourceTree = "<group>";
		};
		1A448E9F27343B6A00780B8B /* Tests iOS */ = {
			isa = PBXGroup;
			children = (
				1A448EA027343B6A00780B8B /* Tests_iOS.swift */,
				1A448EA227343B6A00780B8B /* Info.plist */,
			);
			path = "Tests iOS";
			sourceTree = "<group>";
		};
		1A448EAA27343B6A00780B8B /* Tests macOS */ = {
			isa = PBXGroup;
			children = (
				1A448EAB27343B6A00780B8B /* Tests_macOS.swift */,
				1A448EAD27343B6A00780B8B /* Info.plist */,
			);
			path = "Tests macOS";
			sourceTree = "<group>";
		};
/* End PBXGroup section */

/* Begin PBXNativeTarget section */
		1A448E8B27343B6A00780B8B /* Minesweeper (iOS) */ = {
			isa = PBXNativeTarget;
			buildConfigurationList = 1A448EB627343B6A00780B8B /* Build configuration list for PBXNativeTarget "Minesweeper (iOS)" */;
			buildPhases = (
				1A448E8827343B6A00780B8B /* Sources */,
				1A448E8927343B6A00780B8B /* Frameworks */,
				1A448E8A27343B6A00780B8B /* Resources */,
			);
			buildRules = (
			);
			dependencies = (
			);
			name = "Minesweeper (iOS)";
			productName = "Minesweeper (iOS)";
			productReference = 1A448E8C27343B6A00780B8B /* Minesweeper.app */;
			productType = "com.apple.product-type.application";
		};
		1A448E9327343B6A00780B8B /* Minesweeper (macOS) */ = {
			isa = PBXNativeTarget;
			buildConfigurationList = 1A448EB927343B6A00780B8B /* Build configuration list for PBXNativeTarget "Minesweeper (macOS)" */;
			buildPhases = (
				1A448E9027343B6A00780B8B /* Sources */,
				1A448E9127343B6A00780B8B /* Frameworks */,
				1A448E9227343B6A00780B8B /* Resources */,
			);
			buildRules = (
			);
			dependencies = (
			);
			name = "Minesweeper (macOS)";
			productName = "Minesweeper (macOS)";
			productReference = 1A448E9427343B6A00780B8B /* Minesweeper.app */;
			productType = "com.apple.product-type.application";
		};
		1A448E9B27343B6A00780B8B /* Tests iOS */ = {
			isa = PBXNativeTarget;
			buildConfigurationList = 1A448EBC27343B6A00780B8B /* Build configuration list for PBXNativeTarget "Tests iOS" */;
			buildPhases = (
				1A448E9827343B6A00780B8B /* Sources */,
				1A448E9927343B6A00780B8B /* Frameworks */,
				1A448E9A27343B6A00780B8B /* Resources */,
			);
			buildRules = (
			);
			dependencies = (
				1A448E9E27343B6A00780B8B /* PBXTargetDependency */,
			);
			name = "Tests iOS";
			productName = "Tests iOS";
			productReference = 1A448E9C27343B6A00780B8B /* Tests iOS.xctest */;
			productType = "com.apple.product-type.bundle.ui-testing";
		};
		1A448EA627343B6A00780B8B /* Tests macOS */ = {
			isa = PBXNativeTarget;
			buildConfigurationList = 1A448EBF27343B6A00780B8B /* Build configuration list for PBXNativeTarget "Tests macOS" */;
			buildPhases = (
				1A448EA327343B6A00780B8B /* Sources */,
				1A448EA427343B6A00780B8B /* Frameworks */,
				1A448EA527343B6A00780B8B /* Resources */,
			);
			buildRules = (
			);
			dependencies = (
				1A448EA927343B6A00780B8B /* PBXTargetDependency */,
			);
			name = "Tests macOS";
			productName = "Tests macOS";
			productReference = 1A448EA727343B6A00780B8B /* Tests macOS.xctest */;
			productType = "com.apple.product-type.bundle.ui-testing";
		};
/* End PBXNativeTarget section */

/* Begin PBXProject section */
		1A448E8027343B6900780B8B /* Project object */ = {
			isa = PBXProject;
			attributes = {
				LastSwiftUpdateCheck = 1250;
				LastUpgradeCheck = 1250;
				TargetAttributes = {
					1A448E8B27343B6A00780B8B = {
						CreatedOnToolsVersion = 12.5.1;
					};
					1A448E9327343B6A00780B8B = {
						CreatedOnToolsVersion = 12.5.1;
					};
					1A448E9B27343B6A00780B8B = {
						CreatedOnToolsVersion = 12.5.1;
						TestTargetID = 1A448E8B27343B6A00780B8B;
					};
					1A448EA627343B6A00780B8B = {
						CreatedOnToolsVersion = 12.5.1;
						TestTargetID = 1A448E9327343B6A00780B8B;
					};
				};
			};
			buildConfigurationList = 1A448E8327343B6900780B8B /* Build configuration list for PBXProject "Minesweeper" */;
			compatibilityVersion = "Xcode 9.3";
			developmentRegion = en;
			hasScannedForEncodings = 0;
			knownRegions = (
				en,
				Base,
			);
			mainGroup = 1A448E7F27343B6900780B8B;
			productRefGroup = 1A448E8D27343B6A00780B8B /* Products */;
			projectDirPath = "";
			projectRoot = "";
			targets = (
				1A448E8B27343B6A00780B8B /* Minesweeper (iOS) */,
				1A448E9327343B6A00780B8B /* Minesweeper (macOS) */,
				1A448E9B27343B6A00780B8B /* Tests iOS */,
				1A448EA627343B6A00780B8B /* Tests macOS */,
			);
		};
/* End PBXProject section */

/* Begin PBXResourcesBuildPhase section */
		1A448E8A27343B6A00780B8B /* Resources */ = {
			isa = PBXResourcesBuildPhase;
			buildActionMask = 2147483647;
			files = (
				1A448EB227343B6A00780B8B /* Assets.xcassets in Resources */,
			);
			runOnlyForDeploymentPostprocessing = 0;
		};
		1A448E9227343B6A00780B8B /* Resources */ = {
			isa = PBXResourcesBuildPhase;
			buildActionMask = 2147483647;
			files = (
				1A448EB327343B6A00780B8B /* Assets.xcassets in Resources */,
			);
			runOnlyForDeploymentPostprocessing = 0;
		};
		1A448E9A27343B6A00780B8B /* Resources */ = {
			isa = PBXResourcesBuildPhase;
			buildActionMask = 2147483647;
			files = (
			);
			runOnlyForDeploymentPostprocessing = 0;
		};
		1A448EA527343B6A00780B8B /* Resources */ = {
			isa = PBXResourcesBuildPhase;
			buildActionMask = 2147483647;
			files = (
			);
			runOnlyForDeploymentPostprocessing = 0;
		};
/* End PBXResourcesBuildPhase section */

/* Begin PBXSourcesBuildPhase section */
		1A448E8827343B6A00780B8B /* Sources */ = {
			isa = PBXSourcesBuildPhase;
			buildActionMask = 2147483647;
			files = (
				1A448EB027343B6A00780B8B /* ContentView.swift in Sources */,
				1A448EAE27343B6A00780B8B /* MinesweeperApp.swift in Sources */,
			);
			runOnlyForDeploymentPostprocessing = 0;
		};
		1A448E9027343B6A00780B8B /* Sources */ = {
			isa = PBXSourcesBuildPhase;
			buildActionMask = 2147483647;
			files = (
				1A448EB127343B6A00780B8B /* ContentView.swift in Sources */,
				1A448EAF27343B6A00780B8B /* MinesweeperApp.swift in Sources */,
			);
			runOnlyForDeploymentPostprocessing = 0;
		};
		1A448E9827343B6A00780B8B /* Sources */ = {
			isa = PBXSourcesBuildPhase;
			buildActionMask = 2147483647;
			files = (
				1A448EA127343B6A00780B8B /* Tests_iOS.swift in Sources */,
			);
			runOnlyForDeploymentPostprocessing = 0;
		};
		1A448EA327343B6A00780B8B /* Sources */ = {
			isa = PBXSourcesBuildPhase;
			buildActionMask = 2147483647;
			files = (
				1A448EAC27343B6A00780B8B /* Tests_macOS.swift in Sources */,
			);
			runOnlyForDeploymentPostprocessing = 0;
		};
/* End PBXSourcesBuildPhase section */

/* Begin PBXTargetDependency section */
		1A448E9E27343B6A00780B8B /* PBXTargetDependency */ = {
			isa = PBXTargetDependency;
			target = 1A448E8B27343B6A00780B8B /* Minesweeper (iOS) */;
			targetProxy = 1A448E9D27343B6A00780B8B /* PBXContainerItemProxy */;
		};
		1A448EA927343B6A00780B8B /* PBXTargetDependency */ = {
			isa = PBXTargetDependency;
			target = 1A448E9327343B6A00780B8B /* Minesweeper (macOS) */;
			targetProxy = 1A448EA827343B6A00780B8B /* PBXContainerItemProxy */;
		};
/* End PBXTargetDependency section */

/* Begin XCBuildConfiguration section */
		1A448EB427343B6A00780B8B /* Debug */ = {
			isa = XCBuildConfiguration;
			buildSettings = {
				ALWAYS_SEARCH_USER_PATHS = NO;
				CLANG_ANALYZER_NONNULL = YES;
				CLANG_ANALYZER_NUMBER_OBJECT_CONVERSION = YES_AGGRESSIVE;
				CLANG_CXX_LANGUAGE_STANDARD = "gnu++14";
				CLANG_CXX_LIBRARY = "libc++";
				CLANG_ENABLE_MODULES = YES;
				CLANG_ENABLE_OBJC_ARC = YES;
				CLANG_ENABLE_OBJC_WEAK = YES;
				CLANG_WARN_BLOCK_CAPTURE_AUTORELEASING = YES;
				CLANG_WARN_BOOL_CONVERSION = YES;
				CLANG_WARN_COMMA = YES;
				CLANG_WARN_CONSTANT_CONVERSION = YES;
				CLANG_WARN_DEPRECATED_OBJC_IMPLEMENTATIONS = YES;
				CLANG_WARN_DIRECT_OBJC_ISA_USAGE = YES_ERROR;
				CLANG_WARN_DOCUMENTATION_COMMENTS = YES;
				CLANG_WARN_EMPTY_BODY = YES;
				CLANG_WARN_ENUM_CONVERSION = YES;
				CLANG_WARN_INFINITE_RECURSION = YES;
				CLANG_WARN_INT_CONVERSION = YES;
				CLANG_WARN_NON_LITERAL_NULL_CONVERSION = YES;
				CLANG_WARN_OBJC_IMPLICIT_RETAIN_SELF = YES;
				CLANG_WARN_OBJC_LITERAL_CONVERSION = YES;
				CLANG_WARN_OBJC_ROOT_CLASS = YES_ERROR;
				CLANG_WARN_QUOTED_INCLUDE_IN_FRAMEWORK_HEADER = YES;
				CLANG_WARN_RANGE_LOOP_ANALYSIS = YES;
				CLANG_WARN_STRICT_PROTOTYPES = YES;
				CLANG_WARN_SUSPICIOUS_MOVE = YES;
				CLANG_WARN_UNGUARDED_AVAILABILITY = YES_AGGRESSIVE;
				CLANG_WARN_UNREACHABLE_CODE = YES;
				CLANG_WARN__DUPLICATE_METHOD_MATCH = YES;
				COPY_PHASE_STRIP = NO;
				DEBUG_INFORMATION_FORMAT = dwarf;
				ENABLE_STRICT_OBJC_MSGSEND = YES;
				ENABLE_TESTABILITY = YES;
				GCC_C_LANGUAGE_STANDARD = gnu11;
				GCC_DYNAMIC_NO_PIC = NO;
				GCC_NO_COMMON_BLOCKS = YES;
				GCC_OPTIMIZATION_LEVEL = 0;
				GCC_PREPROCESSOR_DEFINITIONS = (
					"DEBUG=1",
					"$(inherited)",
				);
				GCC_WARN_64_TO_32_BIT_CONVERSION = YES;
				GCC_WARN_ABOUT_RETURN_TYPE = YES_ERROR;
				GCC_WARN_UNDECLARED_SELECTOR = YES;
				GCC_WARN_UNINITIALIZED_AUTOS = YES_AGGRESSIVE;
				GCC_WARN_UNUSED_FUNCTION = YES;
				GCC_WARN_UNUSED_VARIABLE = YES;
				MTL_ENABLE_DEBUG_INFO = INCLUDE_SOURCE;
				MTL_FAST_MATH = YES;
				ONLY_ACTIVE_ARCH = YES;
				SWIFT_ACTIVE_COMPILATION_CONDITIONS = DEBUG;
				SWIFT_OPTIMIZATION_LEVEL = "-Onone";
			};
			name = Debug;
		};
		1A448EB527343B6A00780B8B /* Release */ = {
			isa = XCBuildConfiguration;
			buildSettings = {
				ALWAYS_SEARCH_USER_PATHS = NO;
				CLANG_ANALYZER_NONNULL = YES;
				CLANG_ANALYZER_NUMBER_OBJECT_CONVERSION = YES_AGGRESSIVE;
				CLANG_CXX_LANGUAGE_STANDARD = "gnu++14";
				CLANG_CXX_LIBRARY = "libc++";
				CLANG_ENABLE_MODULES = YES;
				CLANG_ENABLE_OBJC_ARC = YES;
				CLANG_ENABLE_OBJC_WEAK = YES;
				CLANG_WARN_BLOCK_CAPTURE_AUTORELEASING = YES;
				CLANG_WARN_BOOL_CONVERSION = YES;
				CLANG_WARN_COMMA = YES;
				CLANG_WARN_CONSTANT_CONVERSION = YES;
				CLANG_WARN_DEPRECATED_OBJC_IMPLEMENTATIONS = YES;
				CLANG_WARN_DIRECT_OBJC_ISA_USAGE = YES_ERROR;
				CLANG_WARN_DOCUMENTATION_COMMENTS = YES;
				CLANG_WARN_EMPTY_BODY = YES;
				CLANG_WARN_ENUM_CONVERSION = YES;
				CLANG_WARN_INFINITE_RECURSION = YES;
				CLANG_WARN_INT_CONVERSION = YES;
				CLANG_WARN_NON_LITERAL_NULL_CONVERSION = YES;
				CLANG_WARN_OBJC_IMPLICIT_RETAIN_SELF = YES;
				CLANG_WARN_OBJC_LITERAL_CONVERSION = YES;
				CLANG_WARN_OBJC_ROOT_CLASS = YES_ERROR;
				CLANG_WARN_QUOTED_INCLUDE_IN_FRAMEWORK_HEADER = YES;
				CLANG_WARN_RANGE_LOOP_ANALYSIS = YES;
				CLANG_WARN_STRICT_PROTOTYPES = YES;
				CLANG_WARN_SUSPICIOUS_MOVE = YES;
				CLANG_WARN_UNGUARDED_AVAILABILITY = YES_AGGRESSIVE;
				CLANG_WARN_UNREACHABLE_CODE = YES;
				CLANG_WARN__DUPLICATE_METHOD_MATCH = YES;
				COPY_PHASE_STRIP = NO;
				DEBUG_INFORMATION_FORMAT = "dwarf-with-dsym";
				ENABLE_NS_ASSERTIONS = NO;
				ENABLE_STRICT_OBJC_MSGSEND = YES;
				GCC_C_LANGUAGE_STANDARD = gnu11;
				GCC_NO_COMMON_BLOCKS = YES;
				GCC_WARN_64_TO_32_BIT_CONVERSION = YES;
				GCC_WARN_ABOUT_RETURN_TYPE = YES_ERROR;
				GCC_WARN_UNDECLARED_SELECTOR = YES;
				GCC_WARN_UNINITIALIZED_AUTOS = YES_AGGRESSIVE;
				GCC_WARN_UNUSED_FUNCTION = YES;
				GCC_WARN_UNUSED_VARIABLE = YES;
				MTL_ENABLE_DEBUG_INFO = NO;
				MTL_FAST_MATH = YES;
				SWIFT_COMPILATION_MODE = wholemodule;
				SWIFT_OPTIMIZATION_LEVEL = "-O";
			};
			name = Release;
		};
		1A448EB727343B6A00780B8B /* Debug */ = {
			isa = XCBuildConfiguration;
			buildSettings = {
				ASSETCATALOG_COMPILER_APPICON_NAME = AppIcon;
				ASSETCATALOG_COMPILER_GLOBAL_ACCENT_COLOR_NAME = AccentColor;
				CODE_SIGN_STYLE = Automatic;
				DEVELOPMENT_TEAM = TYVR9GGSKN;
				ENABLE_PREVIEWS = YES;
				INFOPLIST_FILE = iOS/Info.plist;
				IPHONEOS_DEPLOYMENT_TARGET = 14.0;
				LD_RUNPATH_SEARCH_PATHS = (
					"$(inherited)",
					"@executable_path/Frameworks",
				);
				PRODUCT_BUNDLE_IDENTIFIER = com.sjodle.Minesweeper;
				PRODUCT_NAME = Minesweeper;
				SDKROOT = iphoneos;
				SWIFT_VERSION = 5.0;
				TARGETED_DEVICE_FAMILY = "1,2";
			};
			name = Debug;
		};
		1A448EB827343B6A00780B8B /* Release */ = {
			isa = XCBuildConfiguration;
			buildSettings = {
				ASSETCATALOG_COMPILER_APPICON_NAME = AppIcon;
				ASSETCATALOG_COMPILER_GLOBAL_ACCENT_COLOR_NAME = AccentColor;
				CODE_SIGN_STYLE = Automatic;
				DEVELOPMENT_TEAM = TYVR9GGSKN;
				ENABLE_PREVIEWS = YES;
				INFOPLIST_FILE = iOS/Info.plist;
				IPHONEOS_DEPLOYMENT_TARGET = 14.0;
				LD_RUNPATH_SEARCH_PATHS = (
					"$(inherited)",
					"@executable_path/Frameworks",
				);
				PRODUCT_BUNDLE_IDENTIFIER = com.sjodle.Minesweeper;
				PRODUCT_NAME = Minesweeper;
				SDKROOT = iphoneos;
				SWIFT_VERSION = 5.0;
				TARGETED_DEVICE_FAMILY = "1,2";
				VALIDATE_PRODUCT = YES;
			};
			name = Release;
		};
		1A448EBA27343B6A00780B8B /* Debug */ = {
			isa = XCBuildConfiguration;
			buildSettings = {
				ASSETCATALOG_COMPILER_APPICON_NAME = AppIcon;
				ASSETCATALOG_COMPILER_GLOBAL_ACCENT_COLOR_NAME = AccentColor;
				CODE_SIGN_ENTITLEMENTS = macOS/macOS.entitlements;
				CODE_SIGN_STYLE = Automatic;
				COMBINE_HIDPI_IMAGES = YES;
				DEVELOPMENT_TEAM = TYVR9GGSKN;
				ENABLE_HARDENED_RUNTIME = YES;
				ENABLE_PREVIEWS = YES;
				INFOPLIST_FILE = macOS/Info.plist;
				LD_RUNPATH_SEARCH_PATHS = (
					"$(inherited)",
					"@executable_path/../Frameworks",
				);
				MACOSX_DEPLOYMENT_TARGET = 11.0;
				PRODUCT_BUNDLE_IDENTIFIER = com.sjodle.Minesweeper;
				PRODUCT_NAME = Minesweeper;
				SDKROOT = macosx;
				SWIFT_VERSION = 5.0;
			};
			name = Debug;
		};
		1A448EBB27343B6A00780B8B /* Release */ = {
			isa = XCBuildConfiguration;
			buildSettings = {
				ASSETCATALOG_COMPILER_APPICON_NAME = AppIcon;
				ASSETCATALOG_COMPILER_GLOBAL_ACCENT_COLOR_NAME = AccentColor;
				CODE_SIGN_ENTITLEMENTS = macOS/macOS.entitlements;
				CODE_SIGN_STYLE = Automatic;
				COMBINE_HIDPI_IMAGES = YES;
				DEVELOPMENT_TEAM = TYVR9GGSKN;
				ENABLE_HARDENED_RUNTIME = YES;
				ENABLE_PREVIEWS = YES;
				INFOPLIST_FILE = macOS/Info.plist;
				LD_RUNPATH_SEARCH_PATHS = (
					"$(inherited)",
					"@executable_path/../Frameworks",
				);
				MACOSX_DEPLOYMENT_TARGET = 11.0;
				PRODUCT_BUNDLE_IDENTIFIER = com.sjodle.Minesweeper;
				PRODUCT_NAME = Minesweeper;
				SDKROOT = macosx;
				SWIFT_VERSION = 5.0;
			};
			name = Release;
		};
		1A448EBD27343B6A00780B8B /* Debug */ = {
			isa = XCBuildConfiguration;
			buildSettings = {
				ALWAYS_EMBED_SWIFT_STANDARD_LIBRARIES = YES;
				CODE_SIGN_STYLE = Automatic;
				DEVELOPMENT_TEAM = TYVR9GGSKN;
				INFOPLIST_FILE = "Tests iOS/Info.plist";
				IPHONEOS_DEPLOYMENT_TARGET = 14.5;
				LD_RUNPATH_SEARCH_PATHS = (
					"$(inherited)",
					"@executable_path/Frameworks",
					"@loader_path/Frameworks",
				);
				PRODUCT_BUNDLE_IDENTIFIER = "com.sjodle.Tests-iOS";
				PRODUCT_NAME = "$(TARGET_NAME)";
				SDKROOT = iphoneos;
				SWIFT_VERSION = 5.0;
				TARGETED_DEVICE_FAMILY = "1,2";
				TEST_TARGET_NAME = "Minesweeper (iOS)";
			};
			name = Debug;
		};
		1A448EBE27343B6A00780B8B /* Release */ = {
			isa = XCBuildConfiguration;
			buildSettings = {
				ALWAYS_EMBED_SWIFT_STANDARD_LIBRARIES = YES;
				CODE_SIGN_STYLE = Automatic;
				DEVELOPMENT_TEAM = TYVR9GGSKN;
				INFOPLIST_FILE = "Tests iOS/Info.plist";
				IPHONEOS_DEPLOYMENT_TARGET = 14.5;
				LD_RUNPATH_SEARCH_PATHS = (
					"$(inherited)",
					"@executable_path/Frameworks",
					"@loader_path/Frameworks",
				);
				PRODUCT_BUNDLE_IDENTIFIER = "com.sjodle.Tests-iOS";
				PRODUCT_NAME = "$(TARGET_NAME)";
				SDKROOT = iphoneos;
				SWIFT_VERSION = 5.0;
				TARGETED_DEVICE_FAMILY = "1,2";
				TEST_TARGET_NAME = "Minesweeper (iOS)";
				VALIDATE_PRODUCT = YES;
			};
			name = Release;
		};
		1A448EC027343B6A00780B8B /* Debug */ = {
			isa = XCBuildConfiguration;
			buildSettings = {
				ALWAYS_EMBED_SWIFT_STANDARD_LIBRARIES = YES;
				CODE_SIGN_STYLE = Automatic;
				COMBINE_HIDPI_IMAGES = YES;
				DEVELOPMENT_TEAM = TYVR9GGSKN;
				INFOPLIST_FILE = "Tests macOS/Info.plist";
				LD_RUNPATH_SEARCH_PATHS = (
					"$(inherited)",
					"@executable_path/../Frameworks",
					"@loader_path/../Frameworks",
				);
				MACOSX_DEPLOYMENT_TARGET = 11.3;
				PRODUCT_BUNDLE_IDENTIFIER = "com.sjodle.Tests-macOS";
				PRODUCT_NAME = "$(TARGET_NAME)";
				SDKROOT = macosx;
				SWIFT_VERSION = 5.0;
				TEST_TARGET_NAME = "Minesweeper (macOS)";
			};
			name = Debug;
		};
		1A448EC127343B6A00780B8B /* Release */ = {
			isa = XCBuildConfiguration;
			buildSettings = {
				ALWAYS_EMBED_SWIFT_STANDARD_LIBRARIES = YES;
				CODE_SIGN_STYLE = Automatic;
				COMBINE_HIDPI_IMAGES = YES;
				DEVELOPMENT_TEAM = TYVR9GGSKN;
				INFOPLIST_FILE = "Tests macOS/Info.plist";
				LD_RUNPATH_SEARCH_PATHS = (
					"$(inherited)",
					"@executable_path/../Frameworks",
					"@loader_path/../Frameworks",
				);
				MACOSX_DEPLOYMENT_TARGET = 11.3;
				PRODUCT_BUNDLE_IDENTIFIER = "com.sjodle.Tests-macOS";
				PRODUCT_NAME = "$(TARGET_NAME)";
				SDKROOT = macosx;
				SWIFT_VERSION = 5.0;
				TEST_TARGET_NAME = "Minesweeper (macOS)";
			};
			name = Release;
		};
/* End XCBuildConfiguration section */

/* Begin XCConfigurationList section */
		1A448E8327343B6900780B8B /* Build configuration list for PBXProject "Minesweeper" */ = {
			isa = XCConfigurationList;
			buildConfigurations = (
				1A448EB427343B6A00780B8B /* Debug */,
				1A448EB527343B6A00780B8B /* Release */,
			);
			defaultConfigurationIsVisible = 0;
			defaultConfigurationName = Release;
		};
		1A448EB627343B6A00780B8B /* Build configuration list for PBXNativeTarget "Minesweeper (iOS)" */ = {
			isa = XCConfigurationList;
			buildConfigurations = (
				1A448EB727343B6A00780B8B /* Debug */,
				1A448EB827343B6A00780B8B /* Release */,
			);
			defaultConfigurationIsVisible = 0;
			defaultConfigurationName = Release;
		};
		1A448EB927343B6A00780B8B /* Build configuration list for PBXNativeTarget "Minesweeper (macOS)" */ = {
			isa = XCConfigurationList;
			buildConfigurations = (
				1A448EBA27343B6A00780B8B /* Debug */,
				1A448EBB27343B6A00780B8B /* Release */,
			);
			defaultConfigurationIsVisible = 0;
			defaultConfigurationName = Release;
		};
		1A448EBC27343B6A00780B8B /* Build configuration list for PBXNativeTarget "Tests iOS" */ = {
			isa = XCConfigurationList;
			buildConfigurations = (
				1A448EBD27343B6A00780B8B /* Debug */,
				1A448EBE27343B6A00780B8B /* Release */,
			);
			defaultConfigurationIsVisible = 0;
			defaultConfigurationName = Release;
		};
		1A448EBF27343B6A00780B8B /* Build configuration list for PBXNativeTarget "Tests macOS" */ = {
			isa = XCConfigurationList;
			buildConfigurations = (
				1A448EC027343B6A00780B8B /* Debug */,
				1A448EC127343B6A00780B8B /* Release */,
			);
			defaultConfigurationIsVisible = 0;
			defaultConfigurationName = Release;
		};
/* End XCConfigurationList section */
	};
	rootObject = 1A448E8027343B6900780B8B /* Project object */;
}
